{
  "object": {
    "pins": [
      {
        "package": "SendbirdChatSDK",
        "repositoryURL": "https://github.com/pedrolopessh/sendbird-chat-sdk-ios-appcenter",
        "state": {
          "branch": "master",
          "revision": "f12c0039dd8a9bfcc88d9095ac8b6998bf7d64e2",
          "version": null
        }
      }
    ]
  },
  "version": 1
}
