{
  "object": {
    "pins": [
      {
        "package": "SendbirdChatSDK",
        "repositoryURL": "https://github.com/pedrolopessh/sendbird-chat-sdk-ios-appcenter",
        "state": {
          "branch": "master",
          "revision": "829d180ec48ae127013eaf0bfc389a78760ea759",
          "version": null
        }
      }
    ]
  },
  "version": 1
}
