{
  "object": {
    "pins": [
      {
        "package": "SendbirdChatSDK",
        "repositoryURL": "https://github.com/pedrolopessh/sendbird-chat-sdk-ios-appcenter",
        "state": {
          "branch": "master",
          "revision": "ed8cd6850be8b01bcb9b8b764417d5a453b6d743",
          "version": null
        }
      }
    ]
  },
  "version": 1
}
